Microsoft Visual Studio Solution File, Format Version 11.00
# Visual Studio 2008

Project("{73DB5AD6-2A2D-CD81-F3D8-9B7E4BF8D742}") = "ScientificCalculator", "Assembly-CSharp.csproj", "{706003BB-FDCF-C0C5-8773-7491486F18FB}"
EndProject
Project("{73DB5AD6-2A2D-CD81-F3D8-9B7E4BF8D742}") = "ScientificCalculator", "Assembly-CSharp-Editor.csproj", "{E2D4FBAF-1B4C-ED7D-2468-408C2EF0FB14}"
EndProject
Global
	GlobalSection(SolutionConfigurationPlatforms) = preSolution
		Debug|Any CPU = Debug|Any CPU
		Release|Any CPU = Release|Any CPU
	EndGlobalSection
	GlobalSection(ProjectConfigurationPlatforms) = postSolution
		{706003BB-FDCF-C0C5-8773-7491486F18FB}.Debug|Any CPU.ActiveCfg = Debug|Any CPU
		{706003BB-FDCF-C0C5-8773-7491486F18FB}.Debug|Any CPU.Build.0 = Debug|Any CPU
		{706003BB-FDCF-C0C5-8773-7491486F18FB}.Release|Any CPU.ActiveCfg = Release|Any CPU
		{706003BB-FDCF-C0C5-8773-7491486F18FB}.Release|Any CPU.Build.0 = Release|Any CPU
		{E2D4FBAF-1B4C-ED7D-2468-408C2EF0FB14}.Debug|Any CPU.ActiveCfg = Debug|Any CPU
		{E2D4FBAF-1B4C-ED7D-2468-408C2EF0FB14}.Debug|Any CPU.Build.0 = Debug|Any CPU
		{E2D4FBAF-1B4C-ED7D-2468-408C2EF0FB14}.Release|Any CPU.ActiveCfg = Release|Any CPU
		{E2D4FBAF-1B4C-ED7D-2468-408C2EF0FB14}.Release|Any CPU.Build.0 = Release|Any CPU
	EndGlobalSection
	GlobalSection(SolutionProperties) = preSolution
		HideSolutionNode = FALSE
	EndGlobalSection
																													GlobalSection(MonoDevelopProperties) = preSolution
		StartupItem = Assembly-CSharp.csproj
		Policies = $0
		$0.TextStylePolicy = $1
		$1.inheritsSet = null
		$1.scope = text/x-csharp
		$0.CSharpFormattingPolicy = $2
		$2.inheritsSet = Mono
		$2.inheritsScope = text/x-csharp
		$2.scope = text/x-csharp
		$0.TextStylePolicy = $3
		$3.FileWidth = 120
		$3.TabWidth = 4
		$3.EolMarker = Unix
		$3.inheritsSet = Mono
		$3.inheritsScope = text/plain
		$3.scope = text/plain
	EndGlobalSection

EndGlobal
