Microsoft Visual Studio Solution File, Format Version 11.00
# Visual Studio 2008

Project("{5CA66AF6-CE24-FB47-31A0-5C7E0FA29550}") = "UnityCarRacer", "Assembly-CSharp-firstpass-vs.csproj", "{0BE9152F-AAB1-5375-B17E-5F07011B4B57}"
EndProject
Project("{5CA66AF6-CE24-FB47-31A0-5C7E0FA29550}") = "UnityCarRacer", "Assembly-CSharp-vs.csproj", "{CB9A4B1F-94D5-0FAA-EF95-7A43DCE3AE6A}"
EndProject
Project("{5CA66AF6-CE24-FB47-31A0-5C7E0FA29550}") = "UnityCarRacer", "Assembly-CSharp-Editor-vs.csproj", "{76C9A05F-A0C1-DCD0-1AFF-591D08237AA6}"
EndProject
Global
	GlobalSection(SolutionConfigurationPlatforms) = preSolution
		Debug|Any CPU = Debug|Any CPU
		Release|Any CPU = Release|Any CPU
	EndGlobalSection
	GlobalSection(ProjectConfigurationPlatforms) = postSolution
		{0BE9152F-AAB1-5375-B17E-5F07011B4B57}.Debug|Any CPU.ActiveCfg = Debug|Any CPU
		{0BE9152F-AAB1-5375-B17E-5F07011B4B57}.Debug|Any CPU.Build.0 = Debug|Any CPU
		{0BE9152F-AAB1-5375-B17E-5F07011B4B57}.Release|Any CPU.ActiveCfg = Release|Any CPU
		{0BE9152F-AAB1-5375-B17E-5F07011B4B57}.Release|Any CPU.Build.0 = Release|Any CPU
		{CB9A4B1F-94D5-0FAA-EF95-7A43DCE3AE6A}.Debug|Any CPU.ActiveCfg = Debug|Any CPU
		{CB9A4B1F-94D5-0FAA-EF95-7A43DCE3AE6A}.Debug|Any CPU.Build.0 = Debug|Any CPU
		{CB9A4B1F-94D5-0FAA-EF95-7A43DCE3AE6A}.Release|Any CPU.ActiveCfg = Release|Any CPU
		{CB9A4B1F-94D5-0FAA-EF95-7A43DCE3AE6A}.Release|Any CPU.Build.0 = Release|Any CPU
		{76C9A05F-A0C1-DCD0-1AFF-591D08237AA6}.Debug|Any CPU.ActiveCfg = Debug|Any CPU
		{76C9A05F-A0C1-DCD0-1AFF-591D08237AA6}.Debug|Any CPU.Build.0 = Debug|Any CPU
		{76C9A05F-A0C1-DCD0-1AFF-591D08237AA6}.Release|Any CPU.ActiveCfg = Release|Any CPU
		{76C9A05F-A0C1-DCD0-1AFF-591D08237AA6}.Release|Any CPU.Build.0 = Release|Any CPU
	EndGlobalSection
	GlobalSection(SolutionProperties) = preSolution
		HideSolutionNode = FALSE
	EndGlobalSection
																		GlobalSection(MonoDevelopProperties) = preSolution
		StartupItem = Assembly-CSharp.csproj
		Policies = $0
		$0.TextStylePolicy = $1
		$1.inheritsSet = null
		$1.scope = text/x-csharp
		$0.CSharpFormattingPolicy = $2
		$2.inheritsSet = Mono
		$2.inheritsScope = text/x-csharp
		$2.scope = text/x-csharp
		$0.TextStylePolicy = $3
		$3.FileWidth = 120
		$3.TabWidth = 4
		$3.EolMarker = Unix
		$3.inheritsSet = Mono
		$3.inheritsScope = text/plain
		$3.scope = text/plain
	EndGlobalSection

EndGlobal
