Microsoft Visual Studio Solution File, Format Version 11.00
# Visual Studio 2008

Project("{93B961FD-E624-9E2F-392A-4765B357B235}") = "UnityWithCocktails", "Assembly-CSharp-vs.csproj", "{E3E761F0-330B-1988-02B0-6C75793C6066}"
EndProject
Project("{93B961FD-E624-9E2F-392A-4765B357B235}") = "UnityWithCocktails", "Assembly-CSharp-Editor-vs.csproj", "{237A5CE0-4AFE-AEB3-3CC2-DF872537F670}"
EndProject
Global
	GlobalSection(SolutionConfigurationPlatforms) = preSolution
		Debug|Any CPU = Debug|Any CPU
		Release|Any CPU = Release|Any CPU
	EndGlobalSection
	GlobalSection(ProjectConfigurationPlatforms) = postSolution
		{E3E761F0-330B-1988-02B0-6C75793C6066}.Debug|Any CPU.ActiveCfg = Debug|Any CPU
		{E3E761F0-330B-1988-02B0-6C75793C6066}.Debug|Any CPU.Build.0 = Debug|Any CPU
		{E3E761F0-330B-1988-02B0-6C75793C6066}.Release|Any CPU.ActiveCfg = Release|Any CPU
		{E3E761F0-330B-1988-02B0-6C75793C6066}.Release|Any CPU.Build.0 = Release|Any CPU
		{237A5CE0-4AFE-AEB3-3CC2-DF872537F670}.Debug|Any CPU.ActiveCfg = Debug|Any CPU
		{237A5CE0-4AFE-AEB3-3CC2-DF872537F670}.Debug|Any CPU.Build.0 = Debug|Any CPU
		{237A5CE0-4AFE-AEB3-3CC2-DF872537F670}.Release|Any CPU.ActiveCfg = Release|Any CPU
		{237A5CE0-4AFE-AEB3-3CC2-DF872537F670}.Release|Any CPU.Build.0 = Release|Any CPU
	EndGlobalSection
	GlobalSection(SolutionProperties) = preSolution
		HideSolutionNode = FALSE
	EndGlobalSection
																																																																																																																		GlobalSection(MonoDevelopProperties) = preSolution
		StartupItem = Assembly-CSharp.csproj
		Policies = $0
		$0.TextStylePolicy = $1
		$1.inheritsSet = null
		$1.scope = text/x-csharp
		$0.CSharpFormattingPolicy = $2
		$2.inheritsSet = Mono
		$2.inheritsScope = text/x-csharp
		$2.scope = text/x-csharp
		$0.TextStylePolicy = $3
		$3.FileWidth = 120
		$3.TabWidth = 4
		$3.EolMarker = Unix
		$3.inheritsSet = Mono
		$3.inheritsScope = text/plain
		$3.scope = text/plain
	EndGlobalSection

EndGlobal
