Microsoft Visual Studio Solution File, Format Version 11.00
# Visual Studio 2008

Project("{2DB4AB99-7115-12D6-2353-82292B308B9B}") = "CoinsAndPlatforms", "Assembly-CSharp.csproj", "{A953FE0C-00C5-79DD-E1B8-6C802E94BE2F}"
EndProject
Project("{2DB4AB99-7115-12D6-2353-82292B308B9B}") = "CoinsAndPlatforms", "Assembly-CSharp-Editor.csproj", "{A3243BA2-2BD0-7D4C-62F4-D57536D1A270}"
EndProject
Global
	GlobalSection(SolutionConfigurationPlatforms) = preSolution
		Debug|Any CPU = Debug|Any CPU
		Release|Any CPU = Release|Any CPU
	EndGlobalSection
	GlobalSection(ProjectConfigurationPlatforms) = postSolution
		{A953FE0C-00C5-79DD-E1B8-6C802E94BE2F}.Debug|Any CPU.ActiveCfg = Debug|Any CPU
		{A953FE0C-00C5-79DD-E1B8-6C802E94BE2F}.Debug|Any CPU.Build.0 = Debug|Any CPU
		{A953FE0C-00C5-79DD-E1B8-6C802E94BE2F}.Release|Any CPU.ActiveCfg = Release|Any CPU
		{A953FE0C-00C5-79DD-E1B8-6C802E94BE2F}.Release|Any CPU.Build.0 = Release|Any CPU
		{A3243BA2-2BD0-7D4C-62F4-D57536D1A270}.Debug|Any CPU.ActiveCfg = Debug|Any CPU
		{A3243BA2-2BD0-7D4C-62F4-D57536D1A270}.Debug|Any CPU.Build.0 = Debug|Any CPU
		{A3243BA2-2BD0-7D4C-62F4-D57536D1A270}.Release|Any CPU.ActiveCfg = Release|Any CPU
		{A3243BA2-2BD0-7D4C-62F4-D57536D1A270}.Release|Any CPU.Build.0 = Release|Any CPU
	EndGlobalSection
	GlobalSection(SolutionProperties) = preSolution
		HideSolutionNode = FALSE
	EndGlobalSection
																																																	GlobalSection(MonoDevelopProperties) = preSolution
		StartupItem = Assembly-CSharp.csproj
		Policies = $0
		$0.TextStylePolicy = $1
		$1.inheritsSet = null
		$1.scope = text/x-csharp
		$0.CSharpFormattingPolicy = $2
		$2.inheritsSet = Mono
		$2.inheritsScope = text/x-csharp
		$2.scope = text/x-csharp
		$0.TextStylePolicy = $3
		$3.FileWidth = 120
		$3.TabWidth = 4
		$3.EolMarker = Unix
		$3.inheritsSet = Mono
		$3.inheritsScope = text/plain
		$3.scope = text/plain
	EndGlobalSection

EndGlobal
